
Microsoft Visual Studio Solution File, Format Version 12.00
# Visual Studio Version 17
VisualStudioVersion = 17.5.33502.453
MinimumVisualStudioVersion = 10.0.40219.1
Project("{FAE04EC0-301F-11D3-BF4B-00C04F79EFBC}") = "ApiProject01", "ApiProject01\ApiProject01.csproj", "{A48428AC-3E4D-423E-BE7C-E8A3E2D07660}"
EndProject
Global
	GlobalSection(SolutionConfigurationPlatforms) = preSolution
		Debug|Any CPU = Debug|Any CPU
		Release|Any CPU = Release|Any CPU
	EndGlobalSection
	GlobalSection(ProjectConfigurationPlatforms) = postSolution
		{A48428AC-3E4D-423E-BE7C-E8A3E2D07660}.Debug|Any CPU.ActiveCfg = Debug|Any CPU
		{A48428AC-3E4D-423E-BE7C-E8A3E2D07660}.Debug|Any CPU.Build.0 = Debug|Any CPU
		{A48428AC-3E4D-423E-BE7C-E8A3E2D07660}.Release|Any CPU.ActiveCfg = Release|Any CPU
		{A48428AC-3E4D-423E-BE7C-E8A3E2D07660}.Release|Any CPU.Build.0 = Release|Any CPU
	EndGlobalSection
	GlobalSection(SolutionProperties) = preSolution
		HideSolutionNode = FALSE
	EndGlobalSection
	GlobalSection(ExtensibilityGlobals) = postSolution
		SolutionGuid = {727469A5-F981-4551-858E-D44A73549852}
	EndGlobalSection
EndGlobal
